
Microsoft Visual Studio Solution File, Format Version 12.00
# Visual Studio 2013
VisualStudioVersion = 12.0.40629.0
MinimumVisualStudioVersion = 10.0.40219.1
Project("{8BC9CEB8-8B4A-11D0-8D11-00A0C91BC942}") = "IntelligentScissors_console", "IntelligentScissors_console\IntelligentScissors_console.vcxproj", "{E74BE954-6A67-4078-8F0E-93E12AED888F}"
EndProject
Project("{8BC9CEB8-8B4A-11D0-8D11-00A0C91BC942}") = "IntelligentScissors_MFC", "IntelligentScissors_MFC\IntelligentScissors_MFC.vcxproj", "{01943C7D-0A32-405D-923E-3F58A81E1AE9}"
EndProject
Global
	GlobalSection(SolutionConfigurationPlatforms) = preSolution
		Debug|Win32 = Debug|Win32
		Release|Win32 = Release|Win32
	EndGlobalSection
	GlobalSection(ProjectConfigurationPlatforms) = postSolution
		{E74BE954-6A67-4078-8F0E-93E12AED888F}.Debug|Win32.ActiveCfg = Debug|Win32
		{E74BE954-6A67-4078-8F0E-93E12AED888F}.Debug|Win32.Build.0 = Debug|Win32
		{E74BE954-6A67-4078-8F0E-93E12AED888F}.Release|Win32.ActiveCfg = Release|Win32
		{E74BE954-6A67-4078-8F0E-93E12AED888F}.Release|Win32.Build.0 = Release|Win32
		{01943C7D-0A32-405D-923E-3F58A81E1AE9}.Debug|Win32.ActiveCfg = Debug|Win32
		{01943C7D-0A32-405D-923E-3F58A81E1AE9}.Debug|Win32.Build.0 = Debug|Win32
		{01943C7D-0A32-405D-923E-3F58A81E1AE9}.Release|Win32.ActiveCfg = Release|Win32
		{01943C7D-0A32-405D-923E-3F58A81E1AE9}.Release|Win32.Build.0 = Release|Win32
	EndGlobalSection
	GlobalSection(SolutionProperties) = preSolution
		HideSolutionNode = FALSE
	EndGlobalSection
EndGlobal
